
Microsoft Visual Studio Solution File, Format Version 12.00
# Visual Studio Version 17
VisualStudioVersion = 17.9.34622.214
MinimumVisualStudioVersion = 10.0.40219.1
Project("{2150E333-8FDC-42A3-9474-1A3956D46DE8}") = "Src", "Src", "{C3C13A1A-7354-4A7C-8644-468B6191CDE4}"
EndProject
Project("{2150E333-8FDC-42A3-9474-1A3956D46DE8}") = "Test", "Test", "{0A3FCC23-EDD5-4286-9D6F-CBB3FCFD59CE}"
EndProject
Project("{2150E333-8FDC-42A3-9474-1A3956D46DE8}") = "UI", "UI", "{CE4B5D23-9D4C-4557-BC83-39BE9F898740}"
EndProject
Project("{2150E333-8FDC-42A3-9474-1A3956D46DE8}") = "MAUI", "MAUI", "{A98E9805-C1CF-4C50-AF5E-2DE8D7B571C8}"
EndProject
Project("{FAE04EC0-301F-11D3-BF4B-00C04F79EFBC}") = "MAUI", "MAUI\MAUI.csproj", "{C820BAAD-B107-499A-971A-536EAE2E818D}"
EndProject
Global
	GlobalSection(SolutionConfigurationPlatforms) = preSolution
		Debug|Any CPU = Debug|Any CPU
		Release|Any CPU = Release|Any CPU
	EndGlobalSection
	GlobalSection(ProjectConfigurationPlatforms) = postSolution
		{C820BAAD-B107-499A-971A-536EAE2E818D}.Debug|Any CPU.ActiveCfg = Debug|Any CPU
		{C820BAAD-B107-499A-971A-536EAE2E818D}.Debug|Any CPU.Build.0 = Debug|Any CPU
		{C820BAAD-B107-499A-971A-536EAE2E818D}.Debug|Any CPU.Deploy.0 = Debug|Any CPU
		{C820BAAD-B107-499A-971A-536EAE2E818D}.Release|Any CPU.ActiveCfg = Release|Any CPU
		{C820BAAD-B107-499A-971A-536EAE2E818D}.Release|Any CPU.Build.0 = Release|Any CPU
		{C820BAAD-B107-499A-971A-536EAE2E818D}.Release|Any CPU.Deploy.0 = Release|Any CPU
	EndGlobalSection
	GlobalSection(SolutionProperties) = preSolution
		HideSolutionNode = FALSE
	EndGlobalSection
	GlobalSection(NestedProjects) = preSolution
		{CE4B5D23-9D4C-4557-BC83-39BE9F898740} = {C3C13A1A-7354-4A7C-8644-468B6191CDE4}
		{A98E9805-C1CF-4C50-AF5E-2DE8D7B571C8} = {CE4B5D23-9D4C-4557-BC83-39BE9F898740}
		{C820BAAD-B107-499A-971A-536EAE2E818D} = {A98E9805-C1CF-4C50-AF5E-2DE8D7B571C8}
	EndGlobalSection
	GlobalSection(ExtensibilityGlobals) = postSolution
		SolutionGuid = {1435F49F-1169-489C-8164-03145F51D06C}
	EndGlobalSection
EndGlobal
