
Microsoft Visual Studio Solution File, Format Version 12.00
# Visual Studio Version 17
VisualStudioVersion = 17.9.34622.214
MinimumVisualStudioVersion = 10.0.40219.1
Project("{2150E333-8FDC-42A3-9474-1A3956D46DE8}") = "Src", "Src", "{C3C13A1A-7354-4A7C-8644-468B6191CDE4}"
EndProject
Project("{2150E333-8FDC-42A3-9474-1A3956D46DE8}") = "Test", "Test", "{0A3FCC23-EDD5-4286-9D6F-CBB3FCFD59CE}"
EndProject
Project("{2150E333-8FDC-42A3-9474-1A3956D46DE8}") = "UI", "UI", "{CE4B5D23-9D4C-4557-BC83-39BE9F898740}"
EndProject
Project("{2150E333-8FDC-42A3-9474-1A3956D46DE8}") = "Core", "Core", "{FF8691B9-D160-4600-8E44-6BEB8117C4AC}"
EndProject
Project("{9A19103F-16F7-4668-BE54-9A1E7A4F7556}") = "Domain", "AppDomain\Domain.csproj", "{8A83698A-AD57-457E-B0B1-ABE8FA19FEFF}"
EndProject
Project("{9A19103F-16F7-4668-BE54-9A1E7A4F7556}") = "Application", "Application\Application.csproj", "{4A819F89-8A7B-4CB8-9F2B-1FA8B492DA33}"
EndProject
Project("{2150E333-8FDC-42A3-9474-1A3956D46DE8}") = "Infrastructure", "Infrastructure", "{8D0D6B30-91BB-48FD-A9ED-8D97F8EAFBE1}"
EndProject
Project("{9A19103F-16F7-4668-BE54-9A1E7A4F7556}") = "Persistence", "Persistence\Persistence.csproj", "{E21CDFF1-F61A-45C6-A77B-9F0116E6CF92}"
EndProject
Project("{2150E333-8FDC-42A3-9474-1A3956D46DE8}") = "API", "API", "{3FB12C98-A298-4252-AD3B-677D91E22220}"
EndProject
Project("{9A19103F-16F7-4668-BE54-9A1E7A4F7556}") = "MauiApi", "MauiApi\MauiApi.csproj", "{DAA66461-BAD8-40BC-8FE4-D14ECAE00660}"
	ProjectSection(ProjectDependencies) = postProject
		{4A819F89-8A7B-4CB8-9F2B-1FA8B492DA33} = {4A819F89-8A7B-4CB8-9F2B-1FA8B492DA33}
		{8A83698A-AD57-457E-B0B1-ABE8FA19FEFF} = {8A83698A-AD57-457E-B0B1-ABE8FA19FEFF}
	EndProjectSection
EndProject
Global
	GlobalSection(SolutionConfigurationPlatforms) = preSolution
		Debug|Any CPU = Debug|Any CPU
		Release|Any CPU = Release|Any CPU
	EndGlobalSection
	GlobalSection(ProjectConfigurationPlatforms) = postSolution
		{8A83698A-AD57-457E-B0B1-ABE8FA19FEFF}.Debug|Any CPU.ActiveCfg = Debug|Any CPU
		{8A83698A-AD57-457E-B0B1-ABE8FA19FEFF}.Debug|Any CPU.Build.0 = Debug|Any CPU
		{8A83698A-AD57-457E-B0B1-ABE8FA19FEFF}.Release|Any CPU.ActiveCfg = Release|Any CPU
		{8A83698A-AD57-457E-B0B1-ABE8FA19FEFF}.Release|Any CPU.Build.0 = Release|Any CPU
		{4A819F89-8A7B-4CB8-9F2B-1FA8B492DA33}.Debug|Any CPU.ActiveCfg = Debug|Any CPU
		{4A819F89-8A7B-4CB8-9F2B-1FA8B492DA33}.Debug|Any CPU.Build.0 = Debug|Any CPU
		{4A819F89-8A7B-4CB8-9F2B-1FA8B492DA33}.Release|Any CPU.ActiveCfg = Release|Any CPU
		{4A819F89-8A7B-4CB8-9F2B-1FA8B492DA33}.Release|Any CPU.Build.0 = Release|Any CPU
		{E21CDFF1-F61A-45C6-A77B-9F0116E6CF92}.Debug|Any CPU.ActiveCfg = Debug|Any CPU
		{E21CDFF1-F61A-45C6-A77B-9F0116E6CF92}.Debug|Any CPU.Build.0 = Debug|Any CPU
		{E21CDFF1-F61A-45C6-A77B-9F0116E6CF92}.Release|Any CPU.ActiveCfg = Release|Any CPU
		{E21CDFF1-F61A-45C6-A77B-9F0116E6CF92}.Release|Any CPU.Build.0 = Release|Any CPU
		{DAA66461-BAD8-40BC-8FE4-D14ECAE00660}.Debug|Any CPU.ActiveCfg = Debug|Any CPU
		{DAA66461-BAD8-40BC-8FE4-D14ECAE00660}.Debug|Any CPU.Build.0 = Debug|Any CPU
		{DAA66461-BAD8-40BC-8FE4-D14ECAE00660}.Release|Any CPU.ActiveCfg = Release|Any CPU
		{DAA66461-BAD8-40BC-8FE4-D14ECAE00660}.Release|Any CPU.Build.0 = Release|Any CPU
	EndGlobalSection
	GlobalSection(SolutionProperties) = preSolution
		HideSolutionNode = FALSE
	EndGlobalSection
	GlobalSection(NestedProjects) = preSolution
		{CE4B5D23-9D4C-4557-BC83-39BE9F898740} = {C3C13A1A-7354-4A7C-8644-468B6191CDE4}
		{FF8691B9-D160-4600-8E44-6BEB8117C4AC} = {C3C13A1A-7354-4A7C-8644-468B6191CDE4}
		{8A83698A-AD57-457E-B0B1-ABE8FA19FEFF} = {FF8691B9-D160-4600-8E44-6BEB8117C4AC}
		{4A819F89-8A7B-4CB8-9F2B-1FA8B492DA33} = {FF8691B9-D160-4600-8E44-6BEB8117C4AC}
		{8D0D6B30-91BB-48FD-A9ED-8D97F8EAFBE1} = {C3C13A1A-7354-4A7C-8644-468B6191CDE4}
		{E21CDFF1-F61A-45C6-A77B-9F0116E6CF92} = {8D0D6B30-91BB-48FD-A9ED-8D97F8EAFBE1}
		{3FB12C98-A298-4252-AD3B-677D91E22220} = {C3C13A1A-7354-4A7C-8644-468B6191CDE4}
		{DAA66461-BAD8-40BC-8FE4-D14ECAE00660} = {3FB12C98-A298-4252-AD3B-677D91E22220}
	EndGlobalSection
	GlobalSection(ExtensibilityGlobals) = postSolution
		SolutionGuid = {1435F49F-1169-489C-8164-03145F51D06C}
	EndGlobalSection
EndGlobal
